
Microsoft Visual Studio Solution File, Format Version 11.00
# Visual Studio 2010
Project("{2150E333-8FDC-42A3-9474-1A3956D46DE8}") = "Components", "Components", "{C969DF0B-76C3-494B-A142-C51EBE0816C9}"
EndProject
Project("{2150E333-8FDC-42A3-9474-1A3956D46DE8}") = "Executables", "Executables", "{5B8BD68B-ECEE-42BA-8BBF-E94742E29797}"
EndProject
Project("{2150E333-8FDC-42A3-9474-1A3956D46DE8}") = "Solution Items", "Solution Items", "{7AE914C3-3080-44F1-B988-77D99E87D50E}"
	ProjectSection(SolutionItems) = preProject
		ItemsOnHold.txt = ItemsOnHold.txt
		licenses.txt = licenses.txt
		Local.testsettings = Local.testsettings
		NucleoNetVS2010.vsmdi = NucleoNetVS2010.vsmdi
	EndProjectSection
EndProject
Project("{2150E333-8FDC-42A3-9474-1A3956D46DE8}") = "Nucleo Core", "Nucleo Core", "{D236C8A2-311C-4BAE-B2E2-8FBB86D9987A}"
EndProject
Project("{2150E333-8FDC-42A3-9474-1A3956D46DE8}") = "Nucleo Testing Tools", "Nucleo Testing Tools", "{6FEE82F7-6B1A-4F9A-9B7F-B895DD414D49}"
EndProject
Project("{2150E333-8FDC-42A3-9474-1A3956D46DE8}") = "Nucleo Web Forms", "Nucleo Web Forms", "{DAD3B5D1-0240-4015-88A9-4C626F46FD96}"
EndProject
Project("{2150E333-8FDC-42A3-9474-1A3956D46DE8}") = "Nucleo ORM", "Nucleo ORM", "{E49D0934-7A83-48B5-BBC7-E66C84BD69C7}"
EndProject
Project("{FAE04EC0-301F-11D3-BF4B-00C04F79EFBC}") = "Nucleo.OnlineTests", "Nucleo.OnlineTests\Nucleo.OnlineTests.csproj", "{F90C202D-45A4-46CF-B575-AB38379B16D0}"
EndProject
Project("{FAE04EC0-301F-11D3-BF4B-00C04F79EFBC}") = "Nucleo.OnlineMvcTests", "Nucleo.OnlineMvcTests\Nucleo.OnlineMvcTests.csproj", "{1548E8EE-1011-4DFF-A65C-F0F271749539}"
EndProject
Project("{FAE04EC0-301F-11D3-BF4B-00C04F79EFBC}") = "Nucleo.OnlineMVPTests", "Nucleo.OnlineMVPTests\Nucleo.OnlineMVPTests.csproj", "{59EB9A0A-29DB-46EA-A009-01747D7CF2A8}"
EndProject
Project("{FAE04EC0-301F-11D3-BF4B-00C04F79EFBC}") = "Nucleo.Orm.LinqToSql.35", "Nucleo.Orm.LinqToSql\Nucleo.Orm.LinqToSql.35.csproj", "{80E77EB1-96CA-4435-A783-A4E15AF97BA0}"
EndProject
Project("{FAE04EC0-301F-11D3-BF4B-00C04F79EFBC}") = "Nucleo.Web.Mvc2.35", "Nucleo.Web.Mvc\Nucleo.Web.Mvc2.35.csproj", "{BD58C566-C66A-400B-9FD0-1BB160AD2D04}"
EndProject
Project("{FAE04EC0-301F-11D3-BF4B-00C04F79EFBC}") = "Nucleo.Web.35", "Nucleo.Web\Nucleo.Web.35.csproj", "{43FD4A44-D6E0-42B7-9508-D8AADD046F19}"
EndProject
Project("{FAE04EC0-301F-11D3-BF4B-00C04F79EFBC}") = "Nucleo.35", "Nucleo\Nucleo.35.csproj", "{535C9B95-94F6-4C76-A8D4-B7170E5CB890}"
EndProject
Project("{FAE04EC0-301F-11D3-BF4B-00C04F79EFBC}") = "Nucleo.40", "Nucleo\Nucleo.40.csproj", "{5535BE6E-5982-4B9A-B812-09B225EDE2C0}"
EndProject
Project("{FAE04EC0-301F-11D3-BF4B-00C04F79EFBC}") = "Nucleo.Web.40", "Nucleo.Web\Nucleo.Web.40.csproj", "{DF95E95B-C899-401E-BD3F-A5DE3A298D28}"
EndProject
Project("{FAE04EC0-301F-11D3-BF4B-00C04F79EFBC}") = "Nucleo.Web.Mvc2.40", "Nucleo.Web.Mvc\Nucleo.Web.Mvc2.40.csproj", "{E47165AF-CA14-4FBA-A088-C00B220B8709}"
EndProject
Project("{FAE04EC0-301F-11D3-BF4B-00C04F79EFBC}") = "Nucleo.Web.Mvp.40", "Nucleo.Web.Mvp\Nucleo.Web.Mvp.40.csproj", "{40952415-B9C1-49EC-A8E7-8EE91209B10C}"
EndProject
Project("{FAE04EC0-301F-11D3-BF4B-00C04F79EFBC}") = "Nucleo.Orm.LinqToSql.40", "Nucleo.Orm.LinqToSql\Nucleo.Orm.LinqToSql.40.csproj", "{861A1B67-9063-49CE-9144-BBACDEDBCC6A}"
EndProject
Project("{FAE04EC0-301F-11D3-BF4B-00C04F79EFBC}") = "Nucleo.Web.Futures", "Nucleo.Web.Futures\Nucleo.Web.Futures.csproj", "{02ADB7E0-F5E9-451F-ADA5-533BEFB76CB9}"
EndProject
Project("{FAE04EC0-301F-11D3-BF4B-00C04F79EFBC}") = "Nucleo.Web.Mvc.Futures", "Nucleo.Web.Mvc.Futures\Nucleo.Web.Mvc.Futures.csproj", "{88271978-1EF2-45FA-9A46-E4BD8AC92CAD}"
EndProject
Project("{FAE04EC0-301F-11D3-BF4B-00C04F79EFBC}") = "Nucleo.Orm.40", "Nucleo.Orm\Nucleo.Orm.40.csproj", "{9DD70F1C-5CEF-4C76-BAC2-276365D7E176}"
EndProject
Project("{FAE04EC0-301F-11D3-BF4B-00C04F79EFBC}") = "Nucleo.Orm.35", "Nucleo.Orm\Nucleo.Orm.35.csproj", "{149CB1DC-D500-4453-B695-ACD74AC2552D}"
EndProject
Project("{2150E333-8FDC-42A3-9474-1A3956D46DE8}") = "Nucleo MVP", "Nucleo MVP", "{96DCECE9-63DB-4A64-97E0-6D06772A1A8F}"
EndProject
Project("{FAE04EC0-301F-11D3-BF4B-00C04F79EFBC}") = "Nucleo.Mvp.40", "Nucleo.Mvp\Nucleo.Mvp.40.csproj", "{4630E4ED-061D-4169-A4A1-9182B2EE9844}"
EndProject
Project("{2150E333-8FDC-42A3-9474-1A3956D46DE8}") = "Nucleo MVC", "Nucleo MVC", "{7463DD25-D054-4DAF-AE6A-A859F24DA5A1}"
EndProject
Project("{FAE04EC0-301F-11D3-BF4B-00C04F79EFBC}") = "Nucleo.UnitTests.40.MS", "Nucleo.UnitTests.40.MS\Nucleo.UnitTests.40.MS.csproj", "{85F6D68A-E76F-4AF4-AC7F-A53D1CEACBFE}"
EndProject
Project("{FAE04EC0-301F-11D3-BF4B-00C04F79EFBC}") = "Nucleo.Testing.35", "Nucleo.Testing\Nucleo.Testing.35.csproj", "{392298DB-25B6-4221-98E4-43FF5907B417}"
EndProject
Project("{FAE04EC0-301F-11D3-BF4B-00C04F79EFBC}") = "Nucleo.IntegrationTests.40.MS", "Nucleo.IntegrationTests.40.MS\Nucleo.IntegrationTests.40.MS.csproj", "{C3837F80-76FC-4EBE-828E-0338B3A56FEB}"
EndProject
Project("{2150E333-8FDC-42A3-9474-1A3956D46DE8}") = "MS Test", "MS Test", "{35B351B8-FD3E-4C49-B5C7-2ABA0854A318}"
EndProject
Project("{2150E333-8FDC-42A3-9474-1A3956D46DE8}") = "Web", "Web", "{403D78F8-EDEC-4D8F-B30D-49612F98EC68}"
	ProjectSection(SolutionItems) = preProject
		Nucleo.OnlineMVPTests\Web.config = Nucleo.OnlineMVPTests\Web.config
	EndProjectSection
EndProject
Project("{FAE04EC0-301F-11D3-BF4B-00C04F79EFBC}") = "Nucleo.Orm.EntityFramework.40", "Nucleo.Orm.EntityFramework\Nucleo.Orm.EntityFramework.40.csproj", "{05841DCA-C729-42A2-A24D-DA44EE22041A}"
EndProject
Project("{FAE04EC0-301F-11D3-BF4B-00C04F79EFBC}") = "Nucleo.UITests", "Nucleo.UITests\Nucleo.UITests.csproj", "{7DB3B2D1-2E72-4CC2-A75B-2F67116F4DBB}"
EndProject
Project("{FAE04EC0-301F-11D3-BF4B-00C04F79EFBC}") = "Nucleo.Orm.NHibernate.40", "Nucleo.Orm.NHibernate\Nucleo.Orm.NHibernate.40.csproj", "{85E7A77C-13CA-4246-93C8-1236FD83E872}"
EndProject
Project("{2150E333-8FDC-42A3-9474-1A3956D46DE8}") = "Nucleo Application Scenarios", "Nucleo Application Scenarios", "{4A4A3CF3-35B3-47AD-BA91-256E756EB528}"
EndProject
Project("{FAE04EC0-301F-11D3-BF4B-00C04F79EFBC}") = "Nucleo.ApplicationScenarios", "Nucleo.ApplicationScenarios\Nucleo.ApplicationScenarios.csproj", "{C2A7F875-7145-414D-9FB7-BBC23C1DFFAD}"
EndProject
Global
	GlobalSection(TestCaseManagementSettings) = postSolution
		CategoryFile = NucleoNetVS2010.vsmdi
	EndGlobalSection
	GlobalSection(SolutionConfigurationPlatforms) = preSolution
		Debug|.NET = Debug|.NET
		Debug|Any CPU = Debug|Any CPU
		Debug|Mixed Platforms = Debug|Mixed Platforms
		Release|.NET = Release|.NET
		Release|Any CPU = Release|Any CPU
		Release|Mixed Platforms = Release|Mixed Platforms
	EndGlobalSection
	GlobalSection(ProjectConfigurationPlatforms) = postSolution
		{F90C202D-45A4-46CF-B575-AB38379B16D0}.Debug|.NET.ActiveCfg = Debug|Any CPU
		{F90C202D-45A4-46CF-B575-AB38379B16D0}.Debug|Any CPU.ActiveCfg = Debug|Any CPU
		{F90C202D-45A4-46CF-B575-AB38379B16D0}.Debug|Any CPU.Build.0 = Debug|Any CPU
		{F90C202D-45A4-46CF-B575-AB38379B16D0}.Debug|Mixed Platforms.ActiveCfg = Debug|Any CPU
		{F90C202D-45A4-46CF-B575-AB38379B16D0}.Debug|Mixed Platforms.Build.0 = Debug|Any CPU
		{F90C202D-45A4-46CF-B575-AB38379B16D0}.Release|.NET.ActiveCfg = Release|Any CPU
		{F90C202D-45A4-46CF-B575-AB38379B16D0}.Release|Any CPU.ActiveCfg = Release|Any CPU
		{F90C202D-45A4-46CF-B575-AB38379B16D0}.Release|Any CPU.Build.0 = Release|Any CPU
		{F90C202D-45A4-46CF-B575-AB38379B16D0}.Release|Mixed Platforms.ActiveCfg = Release|Any CPU
		{F90C202D-45A4-46CF-B575-AB38379B16D0}.Release|Mixed Platforms.Build.0 = Release|Any CPU
		{1548E8EE-1011-4DFF-A65C-F0F271749539}.Debug|.NET.ActiveCfg = Debug|Any CPU
		{1548E8EE-1011-4DFF-A65C-F0F271749539}.Debug|Any CPU.ActiveCfg = Debug|Any CPU
		{1548E8EE-1011-4DFF-A65C-F0F271749539}.Debug|Any CPU.Build.0 = Debug|Any CPU
		{1548E8EE-1011-4DFF-A65C-F0F271749539}.Debug|Mixed Platforms.ActiveCfg = Debug|Any CPU
		{1548E8EE-1011-4DFF-A65C-F0F271749539}.Debug|Mixed Platforms.Build.0 = Debug|Any CPU
		{1548E8EE-1011-4DFF-A65C-F0F271749539}.Release|.NET.ActiveCfg = Release|Any CPU
		{1548E8EE-1011-4DFF-A65C-F0F271749539}.Release|Any CPU.ActiveCfg = Release|Any CPU
		{1548E8EE-1011-4DFF-A65C-F0F271749539}.Release|Any CPU.Build.0 = Release|Any CPU
		{1548E8EE-1011-4DFF-A65C-F0F271749539}.Release|Mixed Platforms.ActiveCfg = Release|Any CPU
		{1548E8EE-1011-4DFF-A65C-F0F271749539}.Release|Mixed Platforms.Build.0 = Release|Any CPU
		{59EB9A0A-29DB-46EA-A009-01747D7CF2A8}.Debug|.NET.ActiveCfg = Debug|Any CPU
		{59EB9A0A-29DB-46EA-A009-01747D7CF2A8}.Debug|Any CPU.ActiveCfg = Debug|Any CPU
		{59EB9A0A-29DB-46EA-A009-01747D7CF2A8}.Debug|Any CPU.Build.0 = Debug|Any CPU
		{59EB9A0A-29DB-46EA-A009-01747D7CF2A8}.Debug|Mixed Platforms.ActiveCfg = Debug|Any CPU
		{59EB9A0A-29DB-46EA-A009-01747D7CF2A8}.Debug|Mixed Platforms.Build.0 = Debug|Any CPU
		{59EB9A0A-29DB-46EA-A009-01747D7CF2A8}.Release|.NET.ActiveCfg = Release|Any CPU
		{59EB9A0A-29DB-46EA-A009-01747D7CF2A8}.Release|Any CPU.ActiveCfg = Release|Any CPU
		{59EB9A0A-29DB-46EA-A009-01747D7CF2A8}.Release|Any CPU.Build.0 = Release|Any CPU
		{59EB9A0A-29DB-46EA-A009-01747D7CF2A8}.Release|Mixed Platforms.ActiveCfg = Release|Any CPU
		{59EB9A0A-29DB-46EA-A009-01747D7CF2A8}.Release|Mixed Platforms.Build.0 = Release|Any CPU
		{80E77EB1-96CA-4435-A783-A4E15AF97BA0}.Debug|.NET.ActiveCfg = Debug|Any CPU
		{80E77EB1-96CA-4435-A783-A4E15AF97BA0}.Debug|Any CPU.ActiveCfg = Debug|Any CPU
		{80E77EB1-96CA-4435-A783-A4E15AF97BA0}.Debug|Any CPU.Build.0 = Debug|Any CPU
		{80E77EB1-96CA-4435-A783-A4E15AF97BA0}.Debug|Mixed Platforms.ActiveCfg = Debug|Any CPU
		{80E77EB1-96CA-4435-A783-A4E15AF97BA0}.Debug|Mixed Platforms.Build.0 = Debug|Any CPU
		{80E77EB1-96CA-4435-A783-A4E15AF97BA0}.Release|.NET.ActiveCfg = Release|Any CPU
		{80E77EB1-96CA-4435-A783-A4E15AF97BA0}.Release|Any CPU.ActiveCfg = Release|Any CPU
		{80E77EB1-96CA-4435-A783-A4E15AF97BA0}.Release|Any CPU.Build.0 = Release|Any CPU
		{80E77EB1-96CA-4435-A783-A4E15AF97BA0}.Release|Mixed Platforms.ActiveCfg = Release|Any CPU
		{80E77EB1-96CA-4435-A783-A4E15AF97BA0}.Release|Mixed Platforms.Build.0 = Release|Any CPU
		{BD58C566-C66A-400B-9FD0-1BB160AD2D04}.Debug|.NET.ActiveCfg = Debug|Any CPU
		{BD58C566-C66A-400B-9FD0-1BB160AD2D04}.Debug|Any CPU.ActiveCfg = Debug|Any CPU
		{BD58C566-C66A-400B-9FD0-1BB160AD2D04}.Debug|Any CPU.Build.0 = Debug|Any CPU
		{BD58C566-C66A-400B-9FD0-1BB160AD2D04}.Debug|Mixed Platforms.ActiveCfg = Debug|Any CPU
		{BD58C566-C66A-400B-9FD0-1BB160AD2D04}.Debug|Mixed Platforms.Build.0 = Debug|Any CPU
		{BD58C566-C66A-400B-9FD0-1BB160AD2D04}.Release|.NET.ActiveCfg = Release|Any CPU
		{BD58C566-C66A-400B-9FD0-1BB160AD2D04}.Release|Any CPU.ActiveCfg = Release|Any CPU
		{BD58C566-C66A-400B-9FD0-1BB160AD2D04}.Release|Any CPU.Build.0 = Release|Any CPU
		{BD58C566-C66A-400B-9FD0-1BB160AD2D04}.Release|Mixed Platforms.ActiveCfg = Release|Any CPU
		{BD58C566-C66A-400B-9FD0-1BB160AD2D04}.Release|Mixed Platforms.Build.0 = Release|Any CPU
		{43FD4A44-D6E0-42B7-9508-D8AADD046F19}.Debug|.NET.ActiveCfg = Debug|Any CPU
		{43FD4A44-D6E0-42B7-9508-D8AADD046F19}.Debug|Any CPU.ActiveCfg = Debug|Any CPU
		{43FD4A44-D6E0-42B7-9508-D8AADD046F19}.Debug|Any CPU.Build.0 = Debug|Any CPU
		{43FD4A44-D6E0-42B7-9508-D8AADD046F19}.Debug|Mixed Platforms.ActiveCfg = Debug|Any CPU
		{43FD4A44-D6E0-42B7-9508-D8AADD046F19}.Debug|Mixed Platforms.Build.0 = Debug|Any CPU
		{43FD4A44-D6E0-42B7-9508-D8AADD046F19}.Release|.NET.ActiveCfg = Release|Any CPU
		{43FD4A44-D6E0-42B7-9508-D8AADD046F19}.Release|Any CPU.ActiveCfg = Release|Any CPU
		{43FD4A44-D6E0-42B7-9508-D8AADD046F19}.Release|Any CPU.Build.0 = Release|Any CPU
		{43FD4A44-D6E0-42B7-9508-D8AADD046F19}.Release|Mixed Platforms.ActiveCfg = Release|Any CPU
		{43FD4A44-D6E0-42B7-9508-D8AADD046F19}.Release|Mixed Platforms.Build.0 = Release|Any CPU
		{535C9B95-94F6-4C76-A8D4-B7170E5CB890}.Debug|.NET.ActiveCfg = Debug|Any CPU
		{535C9B95-94F6-4C76-A8D4-B7170E5CB890}.Debug|Any CPU.ActiveCfg = Debug|Any CPU
		{535C9B95-94F6-4C76-A8D4-B7170E5CB890}.Debug|Any CPU.Build.0 = Debug|Any CPU
		{535C9B95-94F6-4C76-A8D4-B7170E5CB890}.Debug|Mixed Platforms.ActiveCfg = Debug|Any CPU
		{535C9B95-94F6-4C76-A8D4-B7170E5CB890}.Debug|Mixed Platforms.Build.0 = Debug|Any CPU
		{535C9B95-94F6-4C76-A8D4-B7170E5CB890}.Release|.NET.ActiveCfg = Release|Any CPU
		{535C9B95-94F6-4C76-A8D4-B7170E5CB890}.Release|Any CPU.ActiveCfg = Release|Any CPU
		{535C9B95-94F6-4C76-A8D4-B7170E5CB890}.Release|Any CPU.Build.0 = Release|Any CPU
		{535C9B95-94F6-4C76-A8D4-B7170E5CB890}.Release|Mixed Platforms.ActiveCfg = Release|Any CPU
		{535C9B95-94F6-4C76-A8D4-B7170E5CB890}.Release|Mixed Platforms.Build.0 = Release|Any CPU
		{5535BE6E-5982-4B9A-B812-09B225EDE2C0}.Debug|.NET.ActiveCfg = Debug|Any CPU
		{5535BE6E-5982-4B9A-B812-09B225EDE2C0}.Debug|Any CPU.ActiveCfg = Debug|Any CPU
		{5535BE6E-5982-4B9A-B812-09B225EDE2C0}.Debug|Any CPU.Build.0 = Debug|Any CPU
		{5535BE6E-5982-4B9A-B812-09B225EDE2C0}.Debug|Mixed Platforms.ActiveCfg = Debug|Any CPU
		{5535BE6E-5982-4B9A-B812-09B225EDE2C0}.Debug|Mixed Platforms.Build.0 = Debug|Any CPU
		{5535BE6E-5982-4B9A-B812-09B225EDE2C0}.Release|.NET.ActiveCfg = Release|Any CPU
		{5535BE6E-5982-4B9A-B812-09B225EDE2C0}.Release|Any CPU.ActiveCfg = Release|Any CPU
		{5535BE6E-5982-4B9A-B812-09B225EDE2C0}.Release|Any CPU.Build.0 = Release|Any CPU
		{5535BE6E-5982-4B9A-B812-09B225EDE2C0}.Release|Mixed Platforms.ActiveCfg = Release|Any CPU
		{5535BE6E-5982-4B9A-B812-09B225EDE2C0}.Release|Mixed Platforms.Build.0 = Release|Any CPU
		{DF95E95B-C899-401E-BD3F-A5DE3A298D28}.Debug|.NET.ActiveCfg = Debug|Any CPU
		{DF95E95B-C899-401E-BD3F-A5DE3A298D28}.Debug|Any CPU.ActiveCfg = Debug|Any CPU
		{DF95E95B-C899-401E-BD3F-A5DE3A298D28}.Debug|Any CPU.Build.0 = Debug|Any CPU
		{DF95E95B-C899-401E-BD3F-A5DE3A298D28}.Debug|Mixed Platforms.ActiveCfg = Debug|Any CPU
		{DF95E95B-C899-401E-BD3F-A5DE3A298D28}.Debug|Mixed Platforms.Build.0 = Debug|Any CPU
		{DF95E95B-C899-401E-BD3F-A5DE3A298D28}.Release|.NET.ActiveCfg = Release|Any CPU
		{DF95E95B-C899-401E-BD3F-A5DE3A298D28}.Release|Any CPU.ActiveCfg = Release|Any CPU
		{DF95E95B-C899-401E-BD3F-A5DE3A298D28}.Release|Any CPU.Build.0 = Release|Any CPU
		{DF95E95B-C899-401E-BD3F-A5DE3A298D28}.Release|Mixed Platforms.ActiveCfg = Release|Any CPU
		{DF95E95B-C899-401E-BD3F-A5DE3A298D28}.Release|Mixed Platforms.Build.0 = Release|Any CPU
		{E47165AF-CA14-4FBA-A088-C00B220B8709}.Debug|.NET.ActiveCfg = Debug|Any CPU
		{E47165AF-CA14-4FBA-A088-C00B220B8709}.Debug|Any CPU.ActiveCfg = Debug|Any CPU
		{E47165AF-CA14-4FBA-A088-C00B220B8709}.Debug|Any CPU.Build.0 = Debug|Any CPU
		{E47165AF-CA14-4FBA-A088-C00B220B8709}.Debug|Mixed Platforms.ActiveCfg = Debug|Any CPU
		{E47165AF-CA14-4FBA-A088-C00B220B8709}.Debug|Mixed Platforms.Build.0 = Debug|Any CPU
		{E47165AF-CA14-4FBA-A088-C00B220B8709}.Release|.NET.ActiveCfg = Release|Any CPU
		{E47165AF-CA14-4FBA-A088-C00B220B8709}.Release|Any CPU.ActiveCfg = Release|Any CPU
		{E47165AF-CA14-4FBA-A088-C00B220B8709}.Release|Any CPU.Build.0 = Release|Any CPU
		{E47165AF-CA14-4FBA-A088-C00B220B8709}.Release|Mixed Platforms.ActiveCfg = Release|Any CPU
		{E47165AF-CA14-4FBA-A088-C00B220B8709}.Release|Mixed Platforms.Build.0 = Release|Any CPU
		{40952415-B9C1-49EC-A8E7-8EE91209B10C}.Debug|.NET.ActiveCfg = Debug|Any CPU
		{40952415-B9C1-49EC-A8E7-8EE91209B10C}.Debug|Any CPU.ActiveCfg = Debug|Any CPU
		{40952415-B9C1-49EC-A8E7-8EE91209B10C}.Debug|Any CPU.Build.0 = Debug|Any CPU
		{40952415-B9C1-49EC-A8E7-8EE91209B10C}.Debug|Mixed Platforms.ActiveCfg = Debug|Any CPU
		{40952415-B9C1-49EC-A8E7-8EE91209B10C}.Debug|Mixed Platforms.Build.0 = Debug|Any CPU
		{40952415-B9C1-49EC-A8E7-8EE91209B10C}.Release|.NET.ActiveCfg = Release|Any CPU
		{40952415-B9C1-49EC-A8E7-8EE91209B10C}.Release|Any CPU.ActiveCfg = Release|Any CPU
		{40952415-B9C1-49EC-A8E7-8EE91209B10C}.Release|Any CPU.Build.0 = Release|Any CPU
		{40952415-B9C1-49EC-A8E7-8EE91209B10C}.Release|Mixed Platforms.ActiveCfg = Release|Any CPU
		{40952415-B9C1-49EC-A8E7-8EE91209B10C}.Release|Mixed Platforms.Build.0 = Release|Any CPU
		{861A1B67-9063-49CE-9144-BBACDEDBCC6A}.Debug|.NET.ActiveCfg = Debug|Any CPU
		{861A1B67-9063-49CE-9144-BBACDEDBCC6A}.Debug|Any CPU.ActiveCfg = Debug|Any CPU
		{861A1B67-9063-49CE-9144-BBACDEDBCC6A}.Debug|Any CPU.Build.0 = Debug|Any CPU
		{861A1B67-9063-49CE-9144-BBACDEDBCC6A}.Debug|Mixed Platforms.ActiveCfg = Debug|Any CPU
		{861A1B67-9063-49CE-9144-BBACDEDBCC6A}.Debug|Mixed Platforms.Build.0 = Debug|Any CPU
		{861A1B67-9063-49CE-9144-BBACDEDBCC6A}.Release|.NET.ActiveCfg = Release|Any CPU
		{861A1B67-9063-49CE-9144-BBACDEDBCC6A}.Release|Any CPU.ActiveCfg = Release|Any CPU
		{861A1B67-9063-49CE-9144-BBACDEDBCC6A}.Release|Any CPU.Build.0 = Release|Any CPU
		{861A1B67-9063-49CE-9144-BBACDEDBCC6A}.Release|Mixed Platforms.ActiveCfg = Release|Any CPU
		{861A1B67-9063-49CE-9144-BBACDEDBCC6A}.Release|Mixed Platforms.Build.0 = Release|Any CPU
		{02ADB7E0-F5E9-451F-ADA5-533BEFB76CB9}.Debug|.NET.ActiveCfg = Debug|Any CPU
		{02ADB7E0-F5E9-451F-ADA5-533BEFB76CB9}.Debug|Any CPU.ActiveCfg = Debug|Any CPU
		{02ADB7E0-F5E9-451F-ADA5-533BEFB76CB9}.Debug|Any CPU.Build.0 = Debug|Any CPU
		{02ADB7E0-F5E9-451F-ADA5-533BEFB76CB9}.Debug|Mixed Platforms.ActiveCfg = Debug|Any CPU
		{02ADB7E0-F5E9-451F-ADA5-533BEFB76CB9}.Debug|Mixed Platforms.Build.0 = Debug|Any CPU
		{02ADB7E0-F5E9-451F-ADA5-533BEFB76CB9}.Release|.NET.ActiveCfg = Release|Any CPU
		{02ADB7E0-F5E9-451F-ADA5-533BEFB76CB9}.Release|Any CPU.ActiveCfg = Release|Any CPU
		{02ADB7E0-F5E9-451F-ADA5-533BEFB76CB9}.Release|Any CPU.Build.0 = Release|Any CPU
		{02ADB7E0-F5E9-451F-ADA5-533BEFB76CB9}.Release|Mixed Platforms.ActiveCfg = Release|Any CPU
		{02ADB7E0-F5E9-451F-ADA5-533BEFB76CB9}.Release|Mixed Platforms.Build.0 = Release|Any CPU
		{88271978-1EF2-45FA-9A46-E4BD8AC92CAD}.Debug|.NET.ActiveCfg = Debug|Any CPU
		{88271978-1EF2-45FA-9A46-E4BD8AC92CAD}.Debug|Any CPU.ActiveCfg = Debug|Any CPU
		{88271978-1EF2-45FA-9A46-E4BD8AC92CAD}.Debug|Any CPU.Build.0 = Debug|Any CPU
		{88271978-1EF2-45FA-9A46-E4BD8AC92CAD}.Debug|Mixed Platforms.ActiveCfg = Debug|Any CPU
		{88271978-1EF2-45FA-9A46-E4BD8AC92CAD}.Debug|Mixed Platforms.Build.0 = Debug|Any CPU
		{88271978-1EF2-45FA-9A46-E4BD8AC92CAD}.Release|.NET.ActiveCfg = Release|Any CPU
		{88271978-1EF2-45FA-9A46-E4BD8AC92CAD}.Release|Any CPU.ActiveCfg = Release|Any CPU
		{88271978-1EF2-45FA-9A46-E4BD8AC92CAD}.Release|Any CPU.Build.0 = Release|Any CPU
		{88271978-1EF2-45FA-9A46-E4BD8AC92CAD}.Release|Mixed Platforms.ActiveCfg = Release|Any CPU
		{88271978-1EF2-45FA-9A46-E4BD8AC92CAD}.Release|Mixed Platforms.Build.0 = Release|Any CPU
		{9DD70F1C-5CEF-4C76-BAC2-276365D7E176}.Debug|.NET.ActiveCfg = Debug|Any CPU
		{9DD70F1C-5CEF-4C76-BAC2-276365D7E176}.Debug|Any CPU.ActiveCfg = Debug|Any CPU
		{9DD70F1C-5CEF-4C76-BAC2-276365D7E176}.Debug|Any CPU.Build.0 = Debug|Any CPU
		{9DD70F1C-5CEF-4C76-BAC2-276365D7E176}.Debug|Mixed Platforms.ActiveCfg = Debug|Any CPU
		{9DD70F1C-5CEF-4C76-BAC2-276365D7E176}.Debug|Mixed Platforms.Build.0 = Debug|Any CPU
		{9DD70F1C-5CEF-4C76-BAC2-276365D7E176}.Release|.NET.ActiveCfg = Release|Any CPU
		{9DD70F1C-5CEF-4C76-BAC2-276365D7E176}.Release|Any CPU.ActiveCfg = Release|Any CPU
		{9DD70F1C-5CEF-4C76-BAC2-276365D7E176}.Release|Any CPU.Build.0 = Release|Any CPU
		{9DD70F1C-5CEF-4C76-BAC2-276365D7E176}.Release|Mixed Platforms.ActiveCfg = Release|Any CPU
		{9DD70F1C-5CEF-4C76-BAC2-276365D7E176}.Release|Mixed Platforms.Build.0 = Release|Any CPU
		{149CB1DC-D500-4453-B695-ACD74AC2552D}.Debug|.NET.ActiveCfg = Debug|Any CPU
		{149CB1DC-D500-4453-B695-ACD74AC2552D}.Debug|Any CPU.ActiveCfg = Debug|Any CPU
		{149CB1DC-D500-4453-B695-ACD74AC2552D}.Debug|Any CPU.Build.0 = Debug|Any CPU
		{149CB1DC-D500-4453-B695-ACD74AC2552D}.Debug|Mixed Platforms.ActiveCfg = Debug|Any CPU
		{149CB1DC-D500-4453-B695-ACD74AC2552D}.Debug|Mixed Platforms.Build.0 = Debug|Any CPU
		{149CB1DC-D500-4453-B695-ACD74AC2552D}.Release|.NET.ActiveCfg = Release|Any CPU
		{149CB1DC-D500-4453-B695-ACD74AC2552D}.Release|Any CPU.ActiveCfg = Release|Any CPU
		{149CB1DC-D500-4453-B695-ACD74AC2552D}.Release|Any CPU.Build.0 = Release|Any CPU
		{149CB1DC-D500-4453-B695-ACD74AC2552D}.Release|Mixed Platforms.ActiveCfg = Release|Any CPU
		{149CB1DC-D500-4453-B695-ACD74AC2552D}.Release|Mixed Platforms.Build.0 = Release|Any CPU
		{4630E4ED-061D-4169-A4A1-9182B2EE9844}.Debug|.NET.ActiveCfg = Debug|Any CPU
		{4630E4ED-061D-4169-A4A1-9182B2EE9844}.Debug|Any CPU.ActiveCfg = Debug|Any CPU
		{4630E4ED-061D-4169-A4A1-9182B2EE9844}.Debug|Any CPU.Build.0 = Debug|Any CPU
		{4630E4ED-061D-4169-A4A1-9182B2EE9844}.Debug|Mixed Platforms.ActiveCfg = Debug|Any CPU
		{4630E4ED-061D-4169-A4A1-9182B2EE9844}.Debug|Mixed Platforms.Build.0 = Debug|Any CPU
		{4630E4ED-061D-4169-A4A1-9182B2EE9844}.Release|.NET.ActiveCfg = Release|Any CPU
		{4630E4ED-061D-4169-A4A1-9182B2EE9844}.Release|Any CPU.ActiveCfg = Release|Any CPU
		{4630E4ED-061D-4169-A4A1-9182B2EE9844}.Release|Any CPU.Build.0 = Release|Any CPU
		{4630E4ED-061D-4169-A4A1-9182B2EE9844}.Release|Mixed Platforms.ActiveCfg = Release|Any CPU
		{4630E4ED-061D-4169-A4A1-9182B2EE9844}.Release|Mixed Platforms.Build.0 = Release|Any CPU
		{85F6D68A-E76F-4AF4-AC7F-A53D1CEACBFE}.Debug|.NET.ActiveCfg = Debug|Any CPU
		{85F6D68A-E76F-4AF4-AC7F-A53D1CEACBFE}.Debug|Any CPU.ActiveCfg = Debug|Any CPU
		{85F6D68A-E76F-4AF4-AC7F-A53D1CEACBFE}.Debug|Any CPU.Build.0 = Debug|Any CPU
		{85F6D68A-E76F-4AF4-AC7F-A53D1CEACBFE}.Debug|Mixed Platforms.ActiveCfg = Debug|Any CPU
		{85F6D68A-E76F-4AF4-AC7F-A53D1CEACBFE}.Debug|Mixed Platforms.Build.0 = Debug|Any CPU
		{85F6D68A-E76F-4AF4-AC7F-A53D1CEACBFE}.Release|.NET.ActiveCfg = Release|Any CPU
		{85F6D68A-E76F-4AF4-AC7F-A53D1CEACBFE}.Release|Any CPU.ActiveCfg = Release|Any CPU
		{85F6D68A-E76F-4AF4-AC7F-A53D1CEACBFE}.Release|Any CPU.Build.0 = Release|Any CPU
		{85F6D68A-E76F-4AF4-AC7F-A53D1CEACBFE}.Release|Mixed Platforms.ActiveCfg = Release|Any CPU
		{85F6D68A-E76F-4AF4-AC7F-A53D1CEACBFE}.Release|Mixed Platforms.Build.0 = Release|Any CPU
		{392298DB-25B6-4221-98E4-43FF5907B417}.Debug|.NET.ActiveCfg = Debug|Any CPU
		{392298DB-25B6-4221-98E4-43FF5907B417}.Debug|Any CPU.ActiveCfg = Debug|Any CPU
		{392298DB-25B6-4221-98E4-43FF5907B417}.Debug|Any CPU.Build.0 = Debug|Any CPU
		{392298DB-25B6-4221-98E4-43FF5907B417}.Debug|Mixed Platforms.ActiveCfg = Debug|Any CPU
		{392298DB-25B6-4221-98E4-43FF5907B417}.Debug|Mixed Platforms.Build.0 = Debug|Any CPU
		{392298DB-25B6-4221-98E4-43FF5907B417}.Release|.NET.ActiveCfg = Release|Any CPU
		{392298DB-25B6-4221-98E4-43FF5907B417}.Release|Any CPU.ActiveCfg = Release|Any CPU
		{392298DB-25B6-4221-98E4-43FF5907B417}.Release|Any CPU.Build.0 = Release|Any CPU
		{392298DB-25B6-4221-98E4-43FF5907B417}.Release|Mixed Platforms.ActiveCfg = Release|Any CPU
		{392298DB-25B6-4221-98E4-43FF5907B417}.Release|Mixed Platforms.Build.0 = Release|Any CPU
		{C3837F80-76FC-4EBE-828E-0338B3A56FEB}.Debug|.NET.ActiveCfg = Debug|Any CPU
		{C3837F80-76FC-4EBE-828E-0338B3A56FEB}.Debug|Any CPU.ActiveCfg = Debug|Any CPU
		{C3837F80-76FC-4EBE-828E-0338B3A56FEB}.Debug|Any CPU.Build.0 = Debug|Any CPU
		{C3837F80-76FC-4EBE-828E-0338B3A56FEB}.Debug|Mixed Platforms.ActiveCfg = Debug|Any CPU
		{C3837F80-76FC-4EBE-828E-0338B3A56FEB}.Debug|Mixed Platforms.Build.0 = Debug|Any CPU
		{C3837F80-76FC-4EBE-828E-0338B3A56FEB}.Release|.NET.ActiveCfg = Release|Any CPU
		{C3837F80-76FC-4EBE-828E-0338B3A56FEB}.Release|Any CPU.ActiveCfg = Release|Any CPU
		{C3837F80-76FC-4EBE-828E-0338B3A56FEB}.Release|Any CPU.Build.0 = Release|Any CPU
		{C3837F80-76FC-4EBE-828E-0338B3A56FEB}.Release|Mixed Platforms.ActiveCfg = Release|Any CPU
		{C3837F80-76FC-4EBE-828E-0338B3A56FEB}.Release|Mixed Platforms.Build.0 = Release|Any CPU
		{05841DCA-C729-42A2-A24D-DA44EE22041A}.Debug|.NET.ActiveCfg = Debug|Any CPU
		{05841DCA-C729-42A2-A24D-DA44EE22041A}.Debug|Any CPU.ActiveCfg = Debug|Any CPU
		{05841DCA-C729-42A2-A24D-DA44EE22041A}.Debug|Any CPU.Build.0 = Debug|Any CPU
		{05841DCA-C729-42A2-A24D-DA44EE22041A}.Debug|Mixed Platforms.ActiveCfg = Debug|Any CPU
		{05841DCA-C729-42A2-A24D-DA44EE22041A}.Debug|Mixed Platforms.Build.0 = Debug|Any CPU
		{05841DCA-C729-42A2-A24D-DA44EE22041A}.Release|.NET.ActiveCfg = Release|Any CPU
		{05841DCA-C729-42A2-A24D-DA44EE22041A}.Release|Any CPU.ActiveCfg = Release|Any CPU
		{05841DCA-C729-42A2-A24D-DA44EE22041A}.Release|Any CPU.Build.0 = Release|Any CPU
		{05841DCA-C729-42A2-A24D-DA44EE22041A}.Release|Mixed Platforms.ActiveCfg = Release|Any CPU
		{05841DCA-C729-42A2-A24D-DA44EE22041A}.Release|Mixed Platforms.Build.0 = Release|Any CPU
		{7DB3B2D1-2E72-4CC2-A75B-2F67116F4DBB}.Debug|.NET.ActiveCfg = Debug|Any CPU
		{7DB3B2D1-2E72-4CC2-A75B-2F67116F4DBB}.Debug|Any CPU.ActiveCfg = Debug|Any CPU
		{7DB3B2D1-2E72-4CC2-A75B-2F67116F4DBB}.Debug|Any CPU.Build.0 = Debug|Any CPU
		{7DB3B2D1-2E72-4CC2-A75B-2F67116F4DBB}.Debug|Mixed Platforms.ActiveCfg = Debug|Any CPU
		{7DB3B2D1-2E72-4CC2-A75B-2F67116F4DBB}.Debug|Mixed Platforms.Build.0 = Debug|Any CPU
		{7DB3B2D1-2E72-4CC2-A75B-2F67116F4DBB}.Release|.NET.ActiveCfg = Release|Any CPU
		{7DB3B2D1-2E72-4CC2-A75B-2F67116F4DBB}.Release|Any CPU.ActiveCfg = Release|Any CPU
		{7DB3B2D1-2E72-4CC2-A75B-2F67116F4DBB}.Release|Any CPU.Build.0 = Release|Any CPU
		{7DB3B2D1-2E72-4CC2-A75B-2F67116F4DBB}.Release|Mixed Platforms.ActiveCfg = Release|Any CPU
		{7DB3B2D1-2E72-4CC2-A75B-2F67116F4DBB}.Release|Mixed Platforms.Build.0 = Release|Any CPU
		{85E7A77C-13CA-4246-93C8-1236FD83E872}.Debug|.NET.ActiveCfg = Debug|Any CPU
		{85E7A77C-13CA-4246-93C8-1236FD83E872}.Debug|Any CPU.ActiveCfg = Debug|Any CPU
		{85E7A77C-13CA-4246-93C8-1236FD83E872}.Debug|Any CPU.Build.0 = Debug|Any CPU
		{85E7A77C-13CA-4246-93C8-1236FD83E872}.Debug|Mixed Platforms.ActiveCfg = Debug|Any CPU
		{85E7A77C-13CA-4246-93C8-1236FD83E872}.Debug|Mixed Platforms.Build.0 = Debug|Any CPU
		{85E7A77C-13CA-4246-93C8-1236FD83E872}.Release|.NET.ActiveCfg = Release|Any CPU
		{85E7A77C-13CA-4246-93C8-1236FD83E872}.Release|Any CPU.ActiveCfg = Release|Any CPU
		{85E7A77C-13CA-4246-93C8-1236FD83E872}.Release|Any CPU.Build.0 = Release|Any CPU
		{85E7A77C-13CA-4246-93C8-1236FD83E872}.Release|Mixed Platforms.ActiveCfg = Release|Any CPU
		{85E7A77C-13CA-4246-93C8-1236FD83E872}.Release|Mixed Platforms.Build.0 = Release|Any CPU
		{C2A7F875-7145-414D-9FB7-BBC23C1DFFAD}.Debug|.NET.ActiveCfg = Debug|Any CPU
		{C2A7F875-7145-414D-9FB7-BBC23C1DFFAD}.Debug|Any CPU.ActiveCfg = Debug|Any CPU
		{C2A7F875-7145-414D-9FB7-BBC23C1DFFAD}.Debug|Any CPU.Build.0 = Debug|Any CPU
		{C2A7F875-7145-414D-9FB7-BBC23C1DFFAD}.Debug|Mixed Platforms.ActiveCfg = Debug|Any CPU
		{C2A7F875-7145-414D-9FB7-BBC23C1DFFAD}.Debug|Mixed Platforms.Build.0 = Debug|Any CPU
		{C2A7F875-7145-414D-9FB7-BBC23C1DFFAD}.Release|.NET.ActiveCfg = Release|Any CPU
		{C2A7F875-7145-414D-9FB7-BBC23C1DFFAD}.Release|Any CPU.ActiveCfg = Release|Any CPU
		{C2A7F875-7145-414D-9FB7-BBC23C1DFFAD}.Release|Any CPU.Build.0 = Release|Any CPU
		{C2A7F875-7145-414D-9FB7-BBC23C1DFFAD}.Release|Mixed Platforms.ActiveCfg = Release|Any CPU
		{C2A7F875-7145-414D-9FB7-BBC23C1DFFAD}.Release|Mixed Platforms.Build.0 = Release|Any CPU
	EndGlobalSection
	GlobalSection(SolutionProperties) = preSolution
		HideSolutionNode = FALSE
	EndGlobalSection
	GlobalSection(NestedProjects) = preSolution
		{D236C8A2-311C-4BAE-B2E2-8FBB86D9987A} = {C969DF0B-76C3-494B-A142-C51EBE0816C9}
		{6FEE82F7-6B1A-4F9A-9B7F-B895DD414D49} = {C969DF0B-76C3-494B-A142-C51EBE0816C9}
		{DAD3B5D1-0240-4015-88A9-4C626F46FD96} = {C969DF0B-76C3-494B-A142-C51EBE0816C9}
		{E49D0934-7A83-48B5-BBC7-E66C84BD69C7} = {C969DF0B-76C3-494B-A142-C51EBE0816C9}
		{7463DD25-D054-4DAF-AE6A-A859F24DA5A1} = {C969DF0B-76C3-494B-A142-C51EBE0816C9}
		{96DCECE9-63DB-4A64-97E0-6D06772A1A8F} = {C969DF0B-76C3-494B-A142-C51EBE0816C9}
		{4A4A3CF3-35B3-47AD-BA91-256E756EB528} = {C969DF0B-76C3-494B-A142-C51EBE0816C9}
		{403D78F8-EDEC-4D8F-B30D-49612F98EC68} = {5B8BD68B-ECEE-42BA-8BBF-E94742E29797}
		{35B351B8-FD3E-4C49-B5C7-2ABA0854A318} = {5B8BD68B-ECEE-42BA-8BBF-E94742E29797}
		{535C9B95-94F6-4C76-A8D4-B7170E5CB890} = {D236C8A2-311C-4BAE-B2E2-8FBB86D9987A}
		{5535BE6E-5982-4B9A-B812-09B225EDE2C0} = {D236C8A2-311C-4BAE-B2E2-8FBB86D9987A}
		{392298DB-25B6-4221-98E4-43FF5907B417} = {6FEE82F7-6B1A-4F9A-9B7F-B895DD414D49}
		{43FD4A44-D6E0-42B7-9508-D8AADD046F19} = {DAD3B5D1-0240-4015-88A9-4C626F46FD96}
		{DF95E95B-C899-401E-BD3F-A5DE3A298D28} = {DAD3B5D1-0240-4015-88A9-4C626F46FD96}
		{02ADB7E0-F5E9-451F-ADA5-533BEFB76CB9} = {DAD3B5D1-0240-4015-88A9-4C626F46FD96}
		{80E77EB1-96CA-4435-A783-A4E15AF97BA0} = {E49D0934-7A83-48B5-BBC7-E66C84BD69C7}
		{861A1B67-9063-49CE-9144-BBACDEDBCC6A} = {E49D0934-7A83-48B5-BBC7-E66C84BD69C7}
		{9DD70F1C-5CEF-4C76-BAC2-276365D7E176} = {E49D0934-7A83-48B5-BBC7-E66C84BD69C7}
		{149CB1DC-D500-4453-B695-ACD74AC2552D} = {E49D0934-7A83-48B5-BBC7-E66C84BD69C7}
		{05841DCA-C729-42A2-A24D-DA44EE22041A} = {E49D0934-7A83-48B5-BBC7-E66C84BD69C7}
		{85E7A77C-13CA-4246-93C8-1236FD83E872} = {E49D0934-7A83-48B5-BBC7-E66C84BD69C7}
		{1548E8EE-1011-4DFF-A65C-F0F271749539} = {403D78F8-EDEC-4D8F-B30D-49612F98EC68}
		{59EB9A0A-29DB-46EA-A009-01747D7CF2A8} = {403D78F8-EDEC-4D8F-B30D-49612F98EC68}
		{F90C202D-45A4-46CF-B575-AB38379B16D0} = {403D78F8-EDEC-4D8F-B30D-49612F98EC68}
		{E47165AF-CA14-4FBA-A088-C00B220B8709} = {7463DD25-D054-4DAF-AE6A-A859F24DA5A1}
		{88271978-1EF2-45FA-9A46-E4BD8AC92CAD} = {7463DD25-D054-4DAF-AE6A-A859F24DA5A1}
		{BD58C566-C66A-400B-9FD0-1BB160AD2D04} = {7463DD25-D054-4DAF-AE6A-A859F24DA5A1}
		{40952415-B9C1-49EC-A8E7-8EE91209B10C} = {96DCECE9-63DB-4A64-97E0-6D06772A1A8F}
		{4630E4ED-061D-4169-A4A1-9182B2EE9844} = {96DCECE9-63DB-4A64-97E0-6D06772A1A8F}
		{C3837F80-76FC-4EBE-828E-0338B3A56FEB} = {35B351B8-FD3E-4C49-B5C7-2ABA0854A318}
		{85F6D68A-E76F-4AF4-AC7F-A53D1CEACBFE} = {35B351B8-FD3E-4C49-B5C7-2ABA0854A318}
		{7DB3B2D1-2E72-4CC2-A75B-2F67116F4DBB} = {35B351B8-FD3E-4C49-B5C7-2ABA0854A318}
		{C2A7F875-7145-414D-9FB7-BBC23C1DFFAD} = {4A4A3CF3-35B3-47AD-BA91-256E756EB528}
	EndGlobalSection
EndGlobal
